
Microsoft Visual Studio Solution File, Format Version 12.00
# Visual Studio Version 16
VisualStudioVersion = 16.0.30320.27
MinimumVisualStudioVersion = 10.0.40219.1
Project("{FAE04EC0-301F-11D3-BF4B-00C04F79EFBC}") = "panel v2.0", "panel v2.0\panel v2.0.csproj", "{050C1FFC-2BED-4937-B197-777D157ACE21}"
EndProject
Global
	GlobalSection(SolutionConfigurationPlatforms) = preSolution
		Debug|Any CPU = Debug|Any CPU
		Release|Any CPU = Release|Any CPU
	EndGlobalSection
	GlobalSection(ProjectConfigurationPlatforms) = postSolution
		{050C1FFC-2BED-4937-B197-777D157ACE21}.Debug|Any CPU.ActiveCfg = Debug|Any CPU
		{050C1FFC-2BED-4937-B197-777D157ACE21}.Debug|Any CPU.Build.0 = Debug|Any CPU
		{050C1FFC-2BED-4937-B197-777D157ACE21}.Release|Any CPU.ActiveCfg = Release|Any CPU
		{050C1FFC-2BED-4937-B197-777D157ACE21}.Release|Any CPU.Build.0 = Release|Any CPU
	EndGlobalSection
	GlobalSection(SolutionProperties) = preSolution
		HideSolutionNode = FALSE
	EndGlobalSection
	GlobalSection(ExtensibilityGlobals) = postSolution
		SolutionGuid = {3605FEF8-5EC2-488B-BC2B-62CBF8BAEC0E}
	EndGlobalSection
EndGlobal
